
Microsoft Visual Studio Solution File, Format Version 12.00
# Visual Studio Version 17
VisualStudioVersion = 17.10.34928.147
MinimumVisualStudioVersion = 10.0.40219.1
Project("{FAE04EC0-301F-11D3-BF4B-00C04F79EFBC}") = "DemoIntroAsync1925597", "DemoIntroAsync1925597.csproj", "{F8D5F110-D38F-4BB8-9C2E-EB933C06AB5F}"
EndProject
Global
	GlobalSection(SolutionConfigurationPlatforms) = preSolution
		Debug|Any CPU = Debug|Any CPU
		Release|Any CPU = Release|Any CPU
	EndGlobalSection
	GlobalSection(ProjectConfigurationPlatforms) = postSolution
		{F8D5F110-D38F-4BB8-9C2E-EB933C06AB5F}.Debug|Any CPU.ActiveCfg = Debug|Any CPU
		{F8D5F110-D38F-4BB8-9C2E-EB933C06AB5F}.Debug|Any CPU.Build.0 = Debug|Any CPU
		{F8D5F110-D38F-4BB8-9C2E-EB933C06AB5F}.Release|Any CPU.ActiveCfg = Release|Any CPU
		{F8D5F110-D38F-4BB8-9C2E-EB933C06AB5F}.Release|Any CPU.Build.0 = Release|Any CPU
	EndGlobalSection
	GlobalSection(SolutionProperties) = preSolution
		HideSolutionNode = FALSE
	EndGlobalSection
	GlobalSection(ExtensibilityGlobals) = postSolution
		SolutionGuid = {CD2A6899-F8F8-4315-BCE4-800560A79194}
	EndGlobalSection
EndGlobal
